
Microsoft Visual Studio Solution File, Format Version 12.00
# Visual Studio Version 16
VisualStudioVersion = 16.0.35325.158
MinimumVisualStudioVersion = 10.0.40219.1
Project("{2150E333-8FDC-42A3-9474-1A3956D46DE8}") = "src", "src", "{B837B78E-F342-414A-930E-7617288D656E}"
EndProject
Project("{2150E333-8FDC-42A3-9474-1A3956D46DE8}") = "test", "test", "{66D8AABC-5424-4CE0-8C87-6E4FFA72A9A4}"
EndProject
Project("{2150E333-8FDC-42A3-9474-1A3956D46DE8}") = "doc", "doc", "{DE339E15-39B9-444B-9390-40A689420F02}"
EndProject
Project("{2150E333-8FDC-42A3-9474-1A3956D46DE8}") = "Core", "Core", "{DC0C99A8-CFA4-45BB-8425-0B272D53FA1A}"
EndProject
Project("{2150E333-8FDC-42A3-9474-1A3956D46DE8}") = "Infrastructure", "Infrastructure", "{CBEC46D8-3B5A-4F29-92C6-2AC6EC52E3D6}"
EndProject
Project("{2150E333-8FDC-42A3-9474-1A3956D46DE8}") = "Common", "Common", "{758FC22A-BD0F-4C9D-9234-62457649AFAC}"
EndProject
Project("{2150E333-8FDC-42A3-9474-1A3956D46DE8}") = "Presention", "Presention", "{93D68553-23DD-4A3D-9102-E90CDDBEE5CA}"
EndProject
Project("{FAE04EC0-301F-11D3-BF4B-00C04F79EFBC}") = "GymTest.Domain", "GymTest.Domain\GymTest.Domain.csproj", "{8418D9E9-D25D-4AB7-97B3-7B77C7A686F5}"
EndProject
Project("{FAE04EC0-301F-11D3-BF4B-00C04F79EFBC}") = "GymTest.Application", "GymTest.Application\GymTest.Application.csproj", "{58939461-F063-4410-BD7C-ECA98575ABB3}"
EndProject
Project("{FAE04EC0-301F-11D3-BF4B-00C04F79EFBC}") = "GymTest.Infrastructure", "GymTest.Infrastructure\GymTest.Infrastructure.csproj", "{30678F01-5262-4CD0-9480-E6095B82CFB2}"
EndProject
Project("{FAE04EC0-301F-11D3-BF4B-00C04F79EFBC}") = "GymTest.Persistence", "GymTest.Persistence\GymTest.Persistence.csproj", "{75C35ECE-DB47-4FDF-8889-3722B9EBF381}"
EndProject
Project("{FAE04EC0-301F-11D3-BF4B-00C04F79EFBC}") = "EndPoint.Site", "EndPoint.Site\EndPoint.Site.csproj", "{61EED733-838F-4CE1-A9BA-C4093B3D7CC6}"
EndProject
Global
	GlobalSection(SolutionConfigurationPlatforms) = preSolution
		Debug|Any CPU = Debug|Any CPU
		Release|Any CPU = Release|Any CPU
	EndGlobalSection
	GlobalSection(ProjectConfigurationPlatforms) = postSolution
		{8418D9E9-D25D-4AB7-97B3-7B77C7A686F5}.Debug|Any CPU.ActiveCfg = Debug|Any CPU
		{8418D9E9-D25D-4AB7-97B3-7B77C7A686F5}.Debug|Any CPU.Build.0 = Debug|Any CPU
		{8418D9E9-D25D-4AB7-97B3-7B77C7A686F5}.Release|Any CPU.ActiveCfg = Release|Any CPU
		{8418D9E9-D25D-4AB7-97B3-7B77C7A686F5}.Release|Any CPU.Build.0 = Release|Any CPU
		{58939461-F063-4410-BD7C-ECA98575ABB3}.Debug|Any CPU.ActiveCfg = Debug|Any CPU
		{58939461-F063-4410-BD7C-ECA98575ABB3}.Debug|Any CPU.Build.0 = Debug|Any CPU
		{58939461-F063-4410-BD7C-ECA98575ABB3}.Release|Any CPU.ActiveCfg = Release|Any CPU
		{58939461-F063-4410-BD7C-ECA98575ABB3}.Release|Any CPU.Build.0 = Release|Any CPU
		{30678F01-5262-4CD0-9480-E6095B82CFB2}.Debug|Any CPU.ActiveCfg = Debug|Any CPU
		{30678F01-5262-4CD0-9480-E6095B82CFB2}.Debug|Any CPU.Build.0 = Debug|Any CPU
		{30678F01-5262-4CD0-9480-E6095B82CFB2}.Release|Any CPU.ActiveCfg = Release|Any CPU
		{30678F01-5262-4CD0-9480-E6095B82CFB2}.Release|Any CPU.Build.0 = Release|Any CPU
		{75C35ECE-DB47-4FDF-8889-3722B9EBF381}.Debug|Any CPU.ActiveCfg = Debug|Any CPU
		{75C35ECE-DB47-4FDF-8889-3722B9EBF381}.Debug|Any CPU.Build.0 = Debug|Any CPU
		{75C35ECE-DB47-4FDF-8889-3722B9EBF381}.Release|Any CPU.ActiveCfg = Release|Any CPU
		{75C35ECE-DB47-4FDF-8889-3722B9EBF381}.Release|Any CPU.Build.0 = Release|Any CPU
		{61EED733-838F-4CE1-A9BA-C4093B3D7CC6}.Debug|Any CPU.ActiveCfg = Debug|Any CPU
		{61EED733-838F-4CE1-A9BA-C4093B3D7CC6}.Debug|Any CPU.Build.0 = Debug|Any CPU
		{61EED733-838F-4CE1-A9BA-C4093B3D7CC6}.Release|Any CPU.ActiveCfg = Release|Any CPU
		{61EED733-838F-4CE1-A9BA-C4093B3D7CC6}.Release|Any CPU.Build.0 = Release|Any CPU
	EndGlobalSection
	GlobalSection(SolutionProperties) = preSolution
		HideSolutionNode = FALSE
	EndGlobalSection
	GlobalSection(NestedProjects) = preSolution
		{DC0C99A8-CFA4-45BB-8425-0B272D53FA1A} = {B837B78E-F342-414A-930E-7617288D656E}
		{CBEC46D8-3B5A-4F29-92C6-2AC6EC52E3D6} = {B837B78E-F342-414A-930E-7617288D656E}
		{758FC22A-BD0F-4C9D-9234-62457649AFAC} = {B837B78E-F342-414A-930E-7617288D656E}
		{93D68553-23DD-4A3D-9102-E90CDDBEE5CA} = {B837B78E-F342-414A-930E-7617288D656E}
		{8418D9E9-D25D-4AB7-97B3-7B77C7A686F5} = {DC0C99A8-CFA4-45BB-8425-0B272D53FA1A}
		{58939461-F063-4410-BD7C-ECA98575ABB3} = {DC0C99A8-CFA4-45BB-8425-0B272D53FA1A}
		{30678F01-5262-4CD0-9480-E6095B82CFB2} = {CBEC46D8-3B5A-4F29-92C6-2AC6EC52E3D6}
		{75C35ECE-DB47-4FDF-8889-3722B9EBF381} = {CBEC46D8-3B5A-4F29-92C6-2AC6EC52E3D6}
		{61EED733-838F-4CE1-A9BA-C4093B3D7CC6} = {93D68553-23DD-4A3D-9102-E90CDDBEE5CA}
	EndGlobalSection
	GlobalSection(ExtensibilityGlobals) = postSolution
		SolutionGuid = {35576F3B-09D8-467B-9428-492226343D7B}
	EndGlobalSection
EndGlobal
